
Microsoft Visual Studio Solution File, Format Version 12.00
# Visual Studio Version 16
VisualStudioVersion = 16.0.31321.278
MinimumVisualStudioVersion = 10.0.40219.1
Project("{FAE04EC0-301F-11D3-BF4B-00C04F79EFBC}") = "QLKS", "QLKS\QLKS.csproj", "{FD5A6D64-42D9-49FD-A6EE-889FE55FDECE}"
EndProject
Global
	GlobalSection(SolutionConfigurationPlatforms) = preSolution
		Debug|Any CPU = Debug|Any CPU
		Release|Any CPU = Release|Any CPU
	EndGlobalSection
	GlobalSection(ProjectConfigurationPlatforms) = postSolution
		{FD5A6D64-42D9-49FD-A6EE-889FE55FDECE}.Debug|Any CPU.ActiveCfg = Debug|Any CPU
		{FD5A6D64-42D9-49FD-A6EE-889FE55FDECE}.Debug|Any CPU.Build.0 = Debug|Any CPU
		{FD5A6D64-42D9-49FD-A6EE-889FE55FDECE}.Release|Any CPU.ActiveCfg = Release|Any CPU
		{FD5A6D64-42D9-49FD-A6EE-889FE55FDECE}.Release|Any CPU.Build.0 = Release|Any CPU
	EndGlobalSection
	GlobalSection(SolutionProperties) = preSolution
		HideSolutionNode = FALSE
	EndGlobalSection
	GlobalSection(ExtensibilityGlobals) = postSolution
		SolutionGuid = {2C49661F-65D6-46B4-B04E-21E2F01B1286}
	EndGlobalSection
EndGlobal
